// !$*UTF8*$!
{
	archiveVersion = 1;
	classes = {
	};
	objectVersion = 46;
	objects = {

/* Begin PBXBuildFile section */
		16470EA61CCEA86B003017AC /* NodeController.cpp in Sources */ = {isa = PBXBuildFile; fileRef = 16470E981CCEA86B003017AC /* NodeController.cpp */; };
		16470EA71CCEA86B003017AC /* NodeRunner.cpp in Sources */ = {isa = PBXBuildFile; fileRef = 16470E9A1CCEA86B003017AC /* NodeRunner.cpp */; };
		16470EA81CCEA86B003017AC /* ArrayNode.cpp in Sources */ = {isa = PBXBuildFile; fileRef = 16470E9C1CCEA86B003017AC /* ArrayNode.cpp */; };
		16470EA91CCEA86B003017AC /* CTECArray.cpp in Sources */ = {isa = PBXBuildFile; fileRef = 16470E9E1CCEA86B003017AC /* CTECArray.cpp */; };
		16470EAA1CCEA86B003017AC /* CTECList.cpp in Sources */ = {isa = PBXBuildFile; fileRef = 16470EA01CCEA86B003017AC /* CTECList.cpp */; };
		16470EAB1CCEA86B003017AC /* Node.cpp in Sources */ = {isa = PBXBuildFile; fileRef = 16470EA21CCEA86B003017AC /* Node.cpp */; };
		16470EAC1CCEA86B003017AC /* Timer.cpp in Sources */ = {isa = PBXBuildFile; fileRef = 16470EA41CCEA86B003017AC /* Timer.cpp */; };
		16470EB31CCEA897003017AC /* CTECBinaryTree.cpp in Sources */ = {isa = PBXBuildFile; fileRef = 16470EAD1CCEA897003017AC /* CTECBinaryTree.cpp */; };
		16470EB41CCEA897003017AC /* CTECGraph.cpp in Sources */ = {isa = PBXBuildFile; fileRef = 16470EAF1CCEA897003017AC /* CTECGraph.cpp */; };
		16470EB51CCEA897003017AC /* TreeNode.cpp in Sources */ = {isa = PBXBuildFile; fileRef = 16470EB11CCEA897003017AC /* TreeNode.cpp */; };
		1698FD201CDBC45400B02D09 /* CTECHashTable.cpp in Sources */ = {isa = PBXBuildFile; fileRef = 1698FD1E1CDBC45400B02D09 /* CTECHashTable.cpp */; };
/* End PBXBuildFile section */

/* Begin PBXCopyFilesBuildPhase section */
		16470E8B1CCEA83A003017AC /* CopyFiles */ = {
			isa = PBXCopyFilesBuildPhase;
			buildActionMask = 2147483647;
			dstPath = /usr/share/man/man1/;
			dstSubfolderSpec = 0;
			files = (
			);
			runOnlyForDeploymentPostprocessing = 1;
		};
/* End PBXCopyFilesBuildPhase section */

/* Begin PBXFileReference section */
		16470E8D1CCEA83A003017AC /* FixedNodes */ = {isa = PBXFileReference; explicitFileType = "compiled.mach-o.executable"; includeInIndex = 0; path = FixedNodes; sourceTree = BUILT_PRODUCTS_DIR; };
		16470E981CCEA86B003017AC /* NodeController.cpp */ = {isa = PBXFileReference; fileEncoding = 4; lastKnownFileType = sourcecode.cpp.cpp; path = NodeController.cpp; sourceTree = "<group>"; };
		16470E991CCEA86B003017AC /* NodeController.h */ = {isa = PBXFileReference; fileEncoding = 4; lastKnownFileType = sourcecode.c.h; path = NodeController.h; sourceTree = "<group>"; };
		16470E9A1CCEA86B003017AC /* NodeRunner.cpp */ = {isa = PBXFileReference; fileEncoding = 4; lastKnownFileType = sourcecode.cpp.cpp; path = NodeRunner.cpp; sourceTree = "<group>"; };
		16470E9C1CCEA86B003017AC /* ArrayNode.cpp */ = {isa = PBXFileReference; fileEncoding = 4; lastKnownFileType = sourcecode.cpp.cpp; path = ArrayNode.cpp; sourceTree = "<group>"; };
		16470E9D1CCEA86B003017AC /* ArrayNode.h */ = {isa = PBXFileReference; fileEncoding = 4; lastKnownFileType = sourcecode.c.h; path = ArrayNode.h; sourceTree = "<group>"; };
		16470E9E1CCEA86B003017AC /* CTECArray.cpp */ = {isa = PBXFileReference; fileEncoding = 4; lastKnownFileType = sourcecode.cpp.cpp; path = CTECArray.cpp; sourceTree = "<group>"; };
		16470E9F1CCEA86B003017AC /* CTECArray.h */ = {isa = PBXFileReference; fileEncoding = 4; lastKnownFileType = sourcecode.c.h; path = CTECArray.h; sourceTree = "<group>"; };
		16470EA01CCEA86B003017AC /* CTECList.cpp */ = {isa = PBXFileReference; fileEncoding = 4; lastKnownFileType = sourcecode.cpp.cpp; path = CTECList.cpp; sourceTree = "<group>"; };
		16470EA11CCEA86B003017AC /* CTECList.h */ = {isa = PBXFileReference; fileEncoding = 4; lastKnownFileType = sourcecode.c.h; path = CTECList.h; sourceTree = "<group>"; };
		16470EA21CCEA86B003017AC /* Node.cpp */ = {isa = PBXFileReference; fileEncoding = 4; lastKnownFileType = sourcecode.cpp.cpp; path = Node.cpp; sourceTree = "<group>"; };
		16470EA31CCEA86B003017AC /* Node.h */ = {isa = PBXFileReference; fileEncoding = 4; lastKnownFileType = sourcecode.c.h; path = Node.h; sourceTree = "<group>"; };
		16470EA41CCEA86B003017AC /* Timer.cpp */ = {isa = PBXFileReference; fileEncoding = 4; lastKnownFileType = sourcecode.cpp.cpp; path = Timer.cpp; sourceTree = "<group>"; };
		16470EA51CCEA86B003017AC /* Timer.h */ = {isa = PBXFileReference; fileEncoding = 4; lastKnownFileType = sourcecode.c.h; path = Timer.h; sourceTree = "<group>"; };
		16470EAD1CCEA897003017AC /* CTECBinaryTree.cpp */ = {isa = PBXFileReference; fileEncoding = 4; lastKnownFileType = sourcecode.cpp.cpp; path = CTECBinaryTree.cpp; sourceTree = "<group>"; };
		16470EAE1CCEA897003017AC /* CTECBinaryTree.hpp */ = {isa = PBXFileReference; fileEncoding = 4; lastKnownFileType = sourcecode.cpp.h; path = CTECBinaryTree.hpp; sourceTree = "<group>"; };
		16470EAF1CCEA897003017AC /* CTECGraph.cpp */ = {isa = PBXFileReference; fileEncoding = 4; lastKnownFileType = sourcecode.cpp.cpp; path = CTECGraph.cpp; sourceTree = "<group>"; };
		16470EB01CCEA897003017AC /* CTECGraph.hpp */ = {isa = PBXFileReference; fileEncoding = 4; lastKnownFileType = sourcecode.cpp.h; path = CTECGraph.hpp; sourceTree = "<group>"; };
		16470EB11CCEA897003017AC /* TreeNode.cpp */ = {isa = PBXFileReference; fileEncoding = 4; lastKnownFileType = sourcecode.cpp.cpp; path = TreeNode.cpp; sourceTree = "<group>"; };
		16470EB21CCEA897003017AC /* TreeNode.hpp */ = {isa = PBXFileReference; fileEncoding = 4; lastKnownFileType = sourcecode.cpp.h; path = TreeNode.hpp; sourceTree = "<group>"; };
		1698FD1E1CDBC45400B02D09 /* CTECHashTable.cpp */ = {isa = PBXFileReference; fileEncoding = 4; lastKnownFileType = sourcecode.cpp.cpp; path = CTECHashTable.cpp; sourceTree = "<group>"; };
		1698FD1F1CDBC45400B02D09 /* CTECHashTable.hpp */ = {isa = PBXFileReference; fileEncoding = 4; lastKnownFileType = sourcecode.cpp.h; path = CTECHashTable.hpp; sourceTree = "<group>"; };
/* End PBXFileReference section */

/* Begin PBXFrameworksBuildPhase section */
		16470E8A1CCEA83A003017AC /* Frameworks */ = {
			isa = PBXFrameworksBuildPhase;
			buildActionMask = 2147483647;
			files = (
			);
			runOnlyForDeploymentPostprocessing = 0;
		};
/* End PBXFrameworksBuildPhase section */

/* Begin PBXGroup section */
		16470E841CCEA83A003017AC = {
			isa = PBXGroup;
			children = (
				16470E971CCEA86B003017AC /* Controller */,
				16470E9B1CCEA86B003017AC /* Model */,
				16470E8F1CCEA83A003017AC /* FixedNodes */,
				16470E8E1CCEA83A003017AC /* Products */,
			);
			sourceTree = "<group>";
		};
		16470E8E1CCEA83A003017AC /* Products */ = {
			isa = PBXGroup;
			children = (
				16470E8D1CCEA83A003017AC /* FixedNodes */,
			);
			name = Products;
			sourceTree = "<group>";
		};
		16470E8F1CCEA83A003017AC /* FixedNodes */ = {
			isa = PBXGroup;
			children = (
			);
			path = FixedNodes;
			sourceTree = "<group>";
		};
		16470E971CCEA86B003017AC /* Controller */ = {
			isa = PBXGroup;
			children = (
				16470E981CCEA86B003017AC /* NodeController.cpp */,
				16470E991CCEA86B003017AC /* NodeController.h */,
				16470E9A1CCEA86B003017AC /* NodeRunner.cpp */,
			);
			path = Controller;
			sourceTree = "<group>";
		};
		16470E9B1CCEA86B003017AC /* Model */ = {
			isa = PBXGroup;
			children = (
				16470EAD1CCEA897003017AC /* CTECBinaryTree.cpp */,
				16470EAE1CCEA897003017AC /* CTECBinaryTree.hpp */,
				16470EAF1CCEA897003017AC /* CTECGraph.cpp */,
				16470EB01CCEA897003017AC /* CTECGraph.hpp */,
				16470EB11CCEA897003017AC /* TreeNode.cpp */,
				16470EB21CCEA897003017AC /* TreeNode.hpp */,
				16470E9C1CCEA86B003017AC /* ArrayNode.cpp */,
				16470E9D1CCEA86B003017AC /* ArrayNode.h */,
				16470E9E1CCEA86B003017AC /* CTECArray.cpp */,
				16470E9F1CCEA86B003017AC /* CTECArray.h */,
				16470EA01CCEA86B003017AC /* CTECList.cpp */,
				16470EA11CCEA86B003017AC /* CTECList.h */,
				16470EA21CCEA86B003017AC /* Node.cpp */,
				16470EA31CCEA86B003017AC /* Node.h */,
				16470EA41CCEA86B003017AC /* Timer.cpp */,
				16470EA51CCEA86B003017AC /* Timer.h */,
				1698FD1E1CDBC45400B02D09 /* CTECHashTable.cpp */,
				1698FD1F1CDBC45400B02D09 /* CTECHashTable.hpp */,
			);
			path = Model;
			sourceTree = "<group>";
		};
/* End PBXGroup section */

/* Begin PBXNativeTarget section */
		16470E8C1CCEA83A003017AC /* FixedNodes */ = {
			isa = PBXNativeTarget;
			buildConfigurationList = 16470E941CCEA83A003017AC /* Build configuration list for PBXNativeTarget "FixedNodes" */;
			buildPhases = (
				16470E891CCEA83A003017AC /* Sources */,
				16470E8A1CCEA83A003017AC /* Frameworks */,
				16470E8B1CCEA83A003017AC /* CopyFiles */,
			);
			buildRules = (
			);
			dependencies = (
			);
			name = FixedNodes;
			productName = FixedNodes;
			productReference = 16470E8D1CCEA83A003017AC /* FixedNodes */;
			productType = "com.apple.product-type.tool";
		};
/* End PBXNativeTarget section */

/* Begin PBXProject section */
		16470E851CCEA83A003017AC /* Project object */ = {
			isa = PBXProject;
			attributes = {
				LastUpgradeCheck = 0720;
				ORGANIZATIONNAME = "Nemelka, Sydney";
				TargetAttributes = {
					16470E8C1CCEA83A003017AC = {
						CreatedOnToolsVersion = 7.2;
					};
				};
			};
			buildConfigurationList = 16470E881CCEA83A003017AC /* Build configuration list for PBXProject "FixedNodes" */;
			compatibilityVersion = "Xcode 3.2";
			developmentRegion = English;
			hasScannedForEncodings = 0;
			knownRegions = (
				en,
			);
			mainGroup = 16470E841CCEA83A003017AC;
			productRefGroup = 16470E8E1CCEA83A003017AC /* Products */;
			projectDirPath = "";
			projectRoot = "";
			targets = (
				16470E8C1CCEA83A003017AC /* FixedNodes */,
			);
		};
/* End PBXProject section */

/* Begin PBXSourcesBuildPhase section */
		16470E891CCEA83A003017AC /* Sources */ = {
			isa = PBXSourcesBuildPhase;
			buildActionMask = 2147483647;
			files = (
				16470EA91CCEA86B003017AC /* CTECArray.cpp in Sources */,
				16470EA61CCEA86B003017AC /* NodeController.cpp in Sources */,
				16470EAA1CCEA86B003017AC /* CTECList.cpp in Sources */,
				16470EB41CCEA897003017AC /* CTECGraph.cpp in Sources */,
				16470EAB1CCEA86B003017AC /* Node.cpp in Sources */,
				16470EA71CCEA86B003017AC /* NodeRunner.cpp in Sources */,
				16470EAC1CCEA86B003017AC /* Timer.cpp in Sources */,
				16470EB51CCEA897003017AC /* TreeNode.cpp in Sources */,
				16470EA81CCEA86B003017AC /* ArrayNode.cpp in Sources */,
				1698FD201CDBC45400B02D09 /* CTECHashTable.cpp in Sources */,
				16470EB31CCEA897003017AC /* CTECBinaryTree.cpp in Sources */,
			);
			runOnlyForDeploymentPostprocessing = 0;
		};
/* End PBXSourcesBuildPhase section */

/* Begin XCBuildConfiguration section */
		16470E921CCEA83A003017AC /* Debug */ = {
			isa = XCBuildConfiguration;
			buildSettings = {
				ALWAYS_SEARCH_USER_PATHS = NO;
				CLANG_CXX_LANGUAGE_STANDARD = "gnu++0x";
				CLANG_CXX_LIBRARY = "libc++";
				CLANG_ENABLE_MODULES = YES;
				CLANG_ENABLE_OBJC_ARC = YES;
				CLANG_WARN_BOOL_CONVERSION = YES;
				CLANG_WARN_CONSTANT_CONVERSION = YES;
				CLANG_WARN_DIRECT_OBJC_ISA_USAGE = YES_ERROR;
				CLANG_WARN_EMPTY_BODY = YES;
				CLANG_WARN_ENUM_CONVERSION = YES;
				CLANG_WARN_INT_CONVERSION = YES;
				CLANG_WARN_OBJC_ROOT_CLASS = YES_ERROR;
				CLANG_WARN_UNREACHABLE_CODE = YES;
				CLANG_WARN__DUPLICATE_METHOD_MATCH = YES;
				CODE_SIGN_IDENTITY = "-";
				COPY_PHASE_STRIP = NO;
				DEBUG_INFORMATION_FORMAT = dwarf;
				ENABLE_STRICT_OBJC_MSGSEND = YES;
				ENABLE_TESTABILITY = YES;
				GCC_C_LANGUAGE_STANDARD = gnu99;
				GCC_DYNAMIC_NO_PIC = NO;
				GCC_NO_COMMON_BLOCKS = YES;
				GCC_OPTIMIZATION_LEVEL = 0;
				GCC_PREPROCESSOR_DEFINITIONS = (
					"DEBUG=1",
					"$(inherited)",
				);
				GCC_WARN_64_TO_32_BIT_CONVERSION = YES;
				GCC_WARN_ABOUT_RETURN_TYPE = YES_ERROR;
				GCC_WARN_UNDECLARED_SELECTOR = YES;
				GCC_WARN_UNINITIALIZED_AUTOS = YES_AGGRESSIVE;
				GCC_WARN_UNUSED_FUNCTION = YES;
				GCC_WARN_UNUSED_VARIABLE = YES;
				MACOSX_DEPLOYMENT_TARGET = 10.10;
				MTL_ENABLE_DEBUG_INFO = YES;
				ONLY_ACTIVE_ARCH = YES;
				SDKROOT = macosx;
			};
			name = Debug;
		};
		16470E931CCEA83A003017AC /* Release */ = {
			isa = XCBuildConfiguration;
			buildSettings = {
				ALWAYS_SEARCH_USER_PATHS = NO;
				CLANG_CXX_LANGUAGE_STANDARD = "gnu++0x";
				CLANG_CXX_LIBRARY = "libc++";
				CLANG_ENABLE_MODULES = YES;
				CLANG_ENABLE_OBJC_ARC = YES;
				CLANG_WARN_BOOL_CONVERSION = YES;
				CLANG_WARN_CONSTANT_CONVERSION = YES;
				CLANG_WARN_DIRECT_OBJC_ISA_USAGE = YES_ERROR;
				CLANG_WARN_EMPTY_BODY = YES;
				CLANG_WARN_ENUM_CONVERSION = YES;
				CLANG_WARN_INT_CONVERSION = YES;
				CLANG_WARN_OBJC_ROOT_CLASS = YES_ERROR;
				CLANG_WARN_UNREACHABLE_CODE = YES;
				CLANG_WARN__DUPLICATE_METHOD_MATCH = YES;
				CODE_SIGN_IDENTITY = "-";
				COPY_PHASE_STRIP = NO;
				DEBUG_INFORMATION_FORMAT = "dwarf-with-dsym";
				ENABLE_NS_ASSERTIONS = NO;
				ENABLE_STRICT_OBJC_MSGSEND = YES;
				GCC_C_LANGUAGE_STANDARD = gnu99;
				GCC_NO_COMMON_BLOCKS = YES;
				GCC_WARN_64_TO_32_BIT_CONVERSION = YES;
				GCC_WARN_ABOUT_RETURN_TYPE = YES_ERROR;
				GCC_WARN_UNDECLARED_SELECTOR = YES;
				GCC_WARN_UNINITIALIZED_AUTOS = YES_AGGRESSIVE;
				GCC_WARN_UNUSED_FUNCTION = YES;
				GCC_WARN_UNUSED_VARIABLE = YES;
				MACOSX_DEPLOYMENT_TARGET = 10.10;
				MTL_ENABLE_DEBUG_INFO = NO;
				SDKROOT = macosx;
			};
			name = Release;
		};
		16470E951CCEA83A003017AC /* Debug */ = {
			isa = XCBuildConfiguration;
			buildSettings = {
				PRODUCT_NAME = "$(TARGET_NAME)";
			};
			name = Debug;
		};
		16470E961CCEA83A003017AC /* Release */ = {
			isa = XCBuildConfiguration;
			buildSettings = {
				PRODUCT_NAME = "$(TARGET_NAME)";
			};
			name = Release;
		};
/* End XCBuildConfiguration section */

/* Begin XCConfigurationList section */
		16470E881CCEA83A003017AC /* Build configuration list for PBXProject "FixedNodes" */ = {
			isa = XCConfigurationList;
			buildConfigurations = (
				16470E921CCEA83A003017AC /* Debug */,
				16470E931CCEA83A003017AC /* Release */,
			);
			defaultConfigurationIsVisible = 0;
			defaultConfigurationName = Release;
		};
		16470E941CCEA83A003017AC /* Build configuration list for PBXNativeTarget "FixedNodes" */ = {
			isa = XCConfigurationList;
			buildConfigurations = (
				16470E951CCEA83A003017AC /* Debug */,
				16470E961CCEA83A003017AC /* Release */,
			);
			defaultConfigurationIsVisible = 0;
			defaultConfigurationName = Release;
		};
/* End XCConfigurationList section */
	};
	rootObject = 16470E851CCEA83A003017AC /* Project object */;
}
